PODS:
  - ActivityIndicatorView (0.0.7)

DEPENDENCIES:
  - ActivityIndicatorView (from `../`)

EXTERNAL SOURCES:
  ActivityIndicatorView:
    :path: "../"

SPEC CHECKSUMS:
  ActivityIndicatorView: 38c6cc1668e667f0fe0896a0c6ca2315c667ee8f

PODFILE CHECKSUM: 54898b444f2a064d09ec9574815fb481a733ffec

COCOAPODS: 1.10.1
